
Microsoft Visual Studio Solution File, Format Version 12.00
# Visual Studio 15
VisualStudioVersion = 15.0.28010.2048
MinimumVisualStudioVersion = 10.0.40219.1
Project("{9A19103F-16F7-4668-BE54-9A1E7A4F7556}") = "DataAccess", "DataAccess\DataAccess.csproj", "{93812F01-9C16-46FC-97A7-6AB1C0D82D73}"
EndProject
Project("{9A19103F-16F7-4668-BE54-9A1E7A4F7556}") = "Business", "Business\Business.csproj", "{2ECC7B32-BB15-4EFE-AFDB-A7469326C0BA}"
EndProject
Project("{9A19103F-16F7-4668-BE54-9A1E7A4F7556}") = "Entities", "Entities\Entities.csproj", "{62C4C3F4-9BD9-4383-B0E7-C6F8340436BD}"
EndProject
Project("{9A19103F-16F7-4668-BE54-9A1E7A4F7556}") = "ConsoleUI", "ConsoleUI\ConsoleUI.csproj", "{ECB8114F-D28F-48EB-B5FD-7F038E20B165}"
EndProject
Project("{FAE04EC0-301F-11D3-BF4B-00C04F79EFBC}") = "Core", "Core\Core.csproj", "{C9C092E5-AFC5-478A-9D14-EA1A4AF1D729}"
EndProject
Global
	GlobalSection(SolutionConfigurationPlatforms) = preSolution
		Debug|Any CPU = Debug|Any CPU
		Release|Any CPU = Release|Any CPU
	EndGlobalSection
	GlobalSection(ProjectConfigurationPlatforms) = postSolution
		{93812F01-9C16-46FC-97A7-6AB1C0D82D73}.Debug|Any CPU.ActiveCfg = Debug|Any CPU
		{93812F01-9C16-46FC-97A7-6AB1C0D82D73}.Debug|Any CPU.Build.0 = Debug|Any CPU
		{93812F01-9C16-46FC-97A7-6AB1C0D82D73}.Release|Any CPU.ActiveCfg = Release|Any CPU
		{93812F01-9C16-46FC-97A7-6AB1C0D82D73}.Release|Any CPU.Build.0 = Release|Any CPU
		{2ECC7B32-BB15-4EFE-AFDB-A7469326C0BA}.Debug|Any CPU.ActiveCfg = Debug|Any CPU
		{2ECC7B32-BB15-4EFE-AFDB-A7469326C0BA}.Debug|Any CPU.Build.0 = Debug|Any CPU
		{2ECC7B32-BB15-4EFE-AFDB-A7469326C0BA}.Release|Any CPU.ActiveCfg = Release|Any CPU
		{2ECC7B32-BB15-4EFE-AFDB-A7469326C0BA}.Release|Any CPU.Build.0 = Release|Any CPU
		{62C4C3F4-9BD9-4383-B0E7-C6F8340436BD}.Debug|Any CPU.ActiveCfg = Debug|Any CPU
		{62C4C3F4-9BD9-4383-B0E7-C6F8340436BD}.Debug|Any CPU.Build.0 = Debug|Any CPU
		{62C4C3F4-9BD9-4383-B0E7-C6F8340436BD}.Release|Any CPU.ActiveCfg = Release|Any CPU
		{62C4C3F4-9BD9-4383-B0E7-C6F8340436BD}.Release|Any CPU.Build.0 = Release|Any CPU
		{ECB8114F-D28F-48EB-B5FD-7F038E20B165}.Debug|Any CPU.ActiveCfg = Debug|Any CPU
		{ECB8114F-D28F-48EB-B5FD-7F038E20B165}.Debug|Any CPU.Build.0 = Debug|Any CPU
		{ECB8114F-D28F-48EB-B5FD-7F038E20B165}.Release|Any CPU.ActiveCfg = Release|Any CPU
		{ECB8114F-D28F-48EB-B5FD-7F038E20B165}.Release|Any CPU.Build.0 = Release|Any CPU
		{C9C092E5-AFC5-478A-9D14-EA1A4AF1D729}.Debug|Any CPU.ActiveCfg = Debug|Any CPU
		{C9C092E5-AFC5-478A-9D14-EA1A4AF1D729}.Debug|Any CPU.Build.0 = Debug|Any CPU
		{C9C092E5-AFC5-478A-9D14-EA1A4AF1D729}.Release|Any CPU.ActiveCfg = Release|Any CPU
		{C9C092E5-AFC5-478A-9D14-EA1A4AF1D729}.Release|Any CPU.Build.0 = Release|Any CPU
	EndGlobalSection
	GlobalSection(SolutionProperties) = preSolution
		HideSolutionNode = FALSE
	EndGlobalSection
	GlobalSection(ExtensibilityGlobals) = postSolution
		SolutionGuid = {D3B66315-D034-4F96-A2A7-77E82DFCDA50}
	EndGlobalSection
EndGlobal
